Microsoft Visual Studio Solution File, Format Version 12.00
# Visual Studio Version 17
VisualStudioVersion = 17.5.2.0
MinimumVisualStudioVersion = 10.0.40219.1
Project("{2150E333-8FDC-42A3-9474-1A3956D46DE8}") = "agents", "agents", "{B33F7F66-95C7-97AE-2462-F6D15419E3EF}"
EndProject
Project("{FAE04EC0-301F-11D3-BF4B-00C04F79EFBC}") = "MultiAgentWorkflow", "agents\MultiAgentWorkflow\MultiAgentWorkflow.csproj", "{6328B198-00EC-EE73-1463-D441C25B83F3}"
EndProject
Global
	GlobalSection(SolutionConfigurationPlatforms) = preSolution
		Debug|Any CPU = Debug|Any CPU
		Release|Any CPU = Release|Any CPU
	EndGlobalSection
	GlobalSection(ProjectConfigurationPlatforms) = postSolution
		{6328B198-00EC-EE73-1463-D441C25B83F3}.Debug|Any CPU.ActiveCfg = Debug|Any CPU
		{6328B198-00EC-EE73-1463-D441C25B83F3}.Debug|Any CPU.Build.0 = Debug|Any CPU
		{6328B198-00EC-EE73-1463-D441C25B83F3}.Release|Any CPU.ActiveCfg = Release|Any CPU
		{6328B198-00EC-EE73-1463-D441C25B83F3}.Release|Any CPU.Build.0 = Release|Any CPU
	EndGlobalSection
	GlobalSection(SolutionProperties) = preSolution
		HideSolutionNode = FALSE
	EndGlobalSection
	GlobalSection(NestedProjects) = preSolution
		{6328B198-00EC-EE73-1463-D441C25B83F3} = {B33F7F66-95C7-97AE-2462-F6D15419E3EF}
	EndGlobalSection
	GlobalSection(ExtensibilityGlobals) = postSolution
		SolutionGuid = {DCD242E1-65C5-4A7D-989D-0526E7383009}
	EndGlobalSection
EndGlobal
